
Microsoft Visual Studio Solution File, Format Version 12.00
# Visual Studio Version 17
VisualStudioVersion = 17.6.33801.468
MinimumVisualStudioVersion = 10.0.40219.1
Project("{2150E333-8FDC-42A3-9474-1A3956D46DE8}") = "Services", "Services", "{13E98662-E624-49BF-81D6-C23BD33C85F3}"
EndProject
Project("{2150E333-8FDC-42A3-9474-1A3956D46DE8}") = "Catalog", "Catalog", "{34C9E091-31C2-4DE3-BE05-5774E7A5D216}"
EndProject
Project("{9A19103F-16F7-4668-BE54-9A1E7A4F7556}") = "Catalog.API", "Services\Catalog\Catalog.API\Catalog.API.csproj", "{2C123A3D-8FAD-414E-A661-B59127A02D3D}"
EndProject
Project("{E53339B2-1760-4266-BCC7-CA923CBCF16C}") = "docker-compose", "docker-compose.dcproj", "{BACC421F-E48D-4602-B77F-D57A0B6A42CB}"
EndProject
Project("{9A19103F-16F7-4668-BE54-9A1E7A4F7556}") = "Basket.API", "Services\Basket\Basket.API\Basket.API.csproj", "{88BC7CEA-97CB-4FA9-AACD-208F2C50270D}"
EndProject
Project("{2150E333-8FDC-42A3-9474-1A3956D46DE8}") = "Discount", "Discount", "{DC26A7F0-1B5E-4D7F-816D-6FF1B2CC77EA}"
EndProject
Project("{9A19103F-16F7-4668-BE54-9A1E7A4F7556}") = "Discount.API", "Services\Discount\Discount.API\Discount.API.csproj", "{7A99DFF3-710B-4588-AF4B-E5BE1DE21082}"
EndProject
Project("{9A19103F-16F7-4668-BE54-9A1E7A4F7556}") = "Discount.Grpc", "Services\Discount\Discount.Grpc\Discount.Grpc.csproj", "{1296C1FC-B340-4E88-8BBD-B442903174EF}"
EndProject
Project("{2150E333-8FDC-42A3-9474-1A3956D46DE8}") = "Ordering", "Ordering", "{9ADD390F-3C38-4CE1-A8F5-507D7DFFD0C9}"
EndProject
Project("{9A19103F-16F7-4668-BE54-9A1E7A4F7556}") = "Ordering.API", "Services\Ordering\Ordering.API\Ordering.API.csproj", "{CDB8E38D-86B7-45E1-9770-5379A204CC8B}"
EndProject
Project("{9A19103F-16F7-4668-BE54-9A1E7A4F7556}") = "Ordering.Domain", "Services\Ordering\Ordering.Domain\Ordering.Domain.csproj", "{072031FA-3A39-46CE-9071-CAD18E516B55}"
EndProject
Project("{9A19103F-16F7-4668-BE54-9A1E7A4F7556}") = "Ordering.Application", "Services\Ordering\Ordering.Application\Ordering.Application.csproj", "{02D05959-D6DA-4F2B-9718-3882A014BFC2}"
EndProject
Project("{9A19103F-16F7-4668-BE54-9A1E7A4F7556}") = "Ordering.Infrastructure", "Services\Ordering\Ordering.Infrastructure\Ordering.Infrastructure.csproj", "{92A5CCA2-AAAF-4850-AE17-8027DEE963D3}"
EndProject
Project("{2150E333-8FDC-42A3-9474-1A3956D46DE8}") = "BuildingBlocks", "BuildingBlocks", "{6BA0CBF0-B5AF-4A9B-90E2-DB15DD7D1CD0}"
EndProject
Project("{9A19103F-16F7-4668-BE54-9A1E7A4F7556}") = "EventBus.Messages", "BuildingBlocks\EventBus.Messages\EventBus.Messages.csproj", "{97AA44F6-1F6C-461C-BC0E-47B87D8901B4}"
EndProject
Project("{2150E333-8FDC-42A3-9474-1A3956D46DE8}") = "ApiGateways", "ApiGateways", "{6E6F62E4-A2BB-4677-9B5E-C0494E1FDC22}"
EndProject
Project("{9A19103F-16F7-4668-BE54-9A1E7A4F7556}") = "OcelotApiGw", "ApiGateways\OcelotApiGw\OcelotApiGw.csproj", "{DE1C253F-02BD-45D5-8C10-2D73646F9389}"
EndProject
Project("{9A19103F-16F7-4668-BE54-9A1E7A4F7556}") = "Shopping.Aggregator", "ApiGateways\Shopping.Aggregator\Shopping.Aggregator.csproj", "{297FD2F5-4DB7-4406-B4F0-665D13AE7630}"
EndProject
Project("{2150E333-8FDC-42A3-9474-1A3956D46DE8}") = "WebApps", "WebApps", "{835B5A42-8613-4967-AA71-30CB67149CCF}"
EndProject
Project("{9A19103F-16F7-4668-BE54-9A1E7A4F7556}") = "AspnetRunBasics", "WebApps\AspnetRunBasics\AspnetRunBasics.csproj", "{808F4D72-C194-4F61-8A65-A53D4E2FF7F0}"
EndProject
Global
	GlobalSection(SolutionConfigurationPlatforms) = preSolution
		Debug|Any CPU = Debug|Any CPU
		Release|Any CPU = Release|Any CPU
	EndGlobalSection
	GlobalSection(ProjectConfigurationPlatforms) = postSolution
		{2C123A3D-8FAD-414E-A661-B59127A02D3D}.Debug|Any CPU.ActiveCfg = Debug|Any CPU
		{2C123A3D-8FAD-414E-A661-B59127A02D3D}.Debug|Any CPU.Build.0 = Debug|Any CPU
		{2C123A3D-8FAD-414E-A661-B59127A02D3D}.Release|Any CPU.ActiveCfg = Release|Any CPU
		{2C123A3D-8FAD-414E-A661-B59127A02D3D}.Release|Any CPU.Build.0 = Release|Any CPU
		{BACC421F-E48D-4602-B77F-D57A0B6A42CB}.Debug|Any CPU.ActiveCfg = Debug|Any CPU
		{BACC421F-E48D-4602-B77F-D57A0B6A42CB}.Debug|Any CPU.Build.0 = Debug|Any CPU
		{BACC421F-E48D-4602-B77F-D57A0B6A42CB}.Release|Any CPU.ActiveCfg = Release|Any CPU
		{BACC421F-E48D-4602-B77F-D57A0B6A42CB}.Release|Any CPU.Build.0 = Release|Any CPU
		{88BC7CEA-97CB-4FA9-AACD-208F2C50270D}.Debug|Any CPU.ActiveCfg = Debug|Any CPU
		{88BC7CEA-97CB-4FA9-AACD-208F2C50270D}.Debug|Any CPU.Build.0 = Debug|Any CPU
		{88BC7CEA-97CB-4FA9-AACD-208F2C50270D}.Release|Any CPU.ActiveCfg = Release|Any CPU
		{88BC7CEA-97CB-4FA9-AACD-208F2C50270D}.Release|Any CPU.Build.0 = Release|Any CPU
		{7A99DFF3-710B-4588-AF4B-E5BE1DE21082}.Debug|Any CPU.ActiveCfg = Debug|Any CPU
		{7A99DFF3-710B-4588-AF4B-E5BE1DE21082}.Debug|Any CPU.Build.0 = Debug|Any CPU
		{7A99DFF3-710B-4588-AF4B-E5BE1DE21082}.Release|Any CPU.ActiveCfg = Release|Any CPU
		{7A99DFF3-710B-4588-AF4B-E5BE1DE21082}.Release|Any CPU.Build.0 = Release|Any CPU
		{1296C1FC-B340-4E88-8BBD-B442903174EF}.Debug|Any CPU.ActiveCfg = Debug|Any CPU
		{1296C1FC-B340-4E88-8BBD-B442903174EF}.Debug|Any CPU.Build.0 = Debug|Any CPU
		{1296C1FC-B340-4E88-8BBD-B442903174EF}.Release|Any CPU.ActiveCfg = Release|Any CPU
		{1296C1FC-B340-4E88-8BBD-B442903174EF}.Release|Any CPU.Build.0 = Release|Any CPU
		{CDB8E38D-86B7-45E1-9770-5379A204CC8B}.Debug|Any CPU.ActiveCfg = Debug|Any CPU
		{CDB8E38D-86B7-45E1-9770-5379A204CC8B}.Debug|Any CPU.Build.0 = Debug|Any CPU
		{CDB8E38D-86B7-45E1-9770-5379A204CC8B}.Release|Any CPU.ActiveCfg = Release|Any CPU
		{CDB8E38D-86B7-45E1-9770-5379A204CC8B}.Release|Any CPU.Build.0 = Release|Any CPU
		{072031FA-3A39-46CE-9071-CAD18E516B55}.Debug|Any CPU.ActiveCfg = Debug|Any CPU
		{072031FA-3A39-46CE-9071-CAD18E516B55}.Debug|Any CPU.Build.0 = Debug|Any CPU
		{072031FA-3A39-46CE-9071-CAD18E516B55}.Release|Any CPU.ActiveCfg = Release|Any CPU
		{072031FA-3A39-46CE-9071-CAD18E516B55}.Release|Any CPU.Build.0 = Release|Any CPU
		{02D05959-D6DA-4F2B-9718-3882A014BFC2}.Debug|Any CPU.ActiveCfg = Debug|Any CPU
		{02D05959-D6DA-4F2B-9718-3882A014BFC2}.Debug|Any CPU.Build.0 = Debug|Any CPU
		{02D05959-D6DA-4F2B-9718-3882A014BFC2}.Release|Any CPU.ActiveCfg = Release|Any CPU
		{02D05959-D6DA-4F2B-9718-3882A014BFC2}.Release|Any CPU.Build.0 = Release|Any CPU
		{92A5CCA2-AAAF-4850-AE17-8027DEE963D3}.Debug|Any CPU.ActiveCfg = Debug|Any CPU
		{92A5CCA2-AAAF-4850-AE17-8027DEE963D3}.Debug|Any CPU.Build.0 = Debug|Any CPU
		{92A5CCA2-AAAF-4850-AE17-8027DEE963D3}.Release|Any CPU.ActiveCfg = Release|Any CPU
		{92A5CCA2-AAAF-4850-AE17-8027DEE963D3}.Release|Any CPU.Build.0 = Release|Any CPU
		{97AA44F6-1F6C-461C-BC0E-47B87D8901B4}.Debug|Any CPU.ActiveCfg = Debug|Any CPU
		{97AA44F6-1F6C-461C-BC0E-47B87D8901B4}.Debug|Any CPU.Build.0 = Debug|Any CPU
		{97AA44F6-1F6C-461C-BC0E-47B87D8901B4}.Release|Any CPU.ActiveCfg = Release|Any CPU
		{97AA44F6-1F6C-461C-BC0E-47B87D8901B4}.Release|Any CPU.Build.0 = Release|Any CPU
		{DE1C253F-02BD-45D5-8C10-2D73646F9389}.Debug|Any CPU.ActiveCfg = Debug|Any CPU
		{DE1C253F-02BD-45D5-8C10-2D73646F9389}.Debug|Any CPU.Build.0 = Debug|Any CPU
		{DE1C253F-02BD-45D5-8C10-2D73646F9389}.Release|Any CPU.ActiveCfg = Release|Any CPU
		{DE1C253F-02BD-45D5-8C10-2D73646F9389}.Release|Any CPU.Build.0 = Release|Any CPU
		{297FD2F5-4DB7-4406-B4F0-665D13AE7630}.Debug|Any CPU.ActiveCfg = Debug|Any CPU
		{297FD2F5-4DB7-4406-B4F0-665D13AE7630}.Debug|Any CPU.Build.0 = Debug|Any CPU
		{297FD2F5-4DB7-4406-B4F0-665D13AE7630}.Release|Any CPU.ActiveCfg = Release|Any CPU
		{297FD2F5-4DB7-4406-B4F0-665D13AE7630}.Release|Any CPU.Build.0 = Release|Any CPU
		{808F4D72-C194-4F61-8A65-A53D4E2FF7F0}.Debug|Any CPU.ActiveCfg = Debug|Any CPU
		{808F4D72-C194-4F61-8A65-A53D4E2FF7F0}.Debug|Any CPU.Build.0 = Debug|Any CPU
		{808F4D72-C194-4F61-8A65-A53D4E2FF7F0}.Release|Any CPU.ActiveCfg = Release|Any CPU
		{808F4D72-C194-4F61-8A65-A53D4E2FF7F0}.Release|Any CPU.Build.0 = Release|Any CPU
	EndGlobalSection
	GlobalSection(SolutionProperties) = preSolution
		HideSolutionNode = FALSE
	EndGlobalSection
	GlobalSection(NestedProjects) = preSolution
		{34C9E091-31C2-4DE3-BE05-5774E7A5D216} = {13E98662-E624-49BF-81D6-C23BD33C85F3}
		{2C123A3D-8FAD-414E-A661-B59127A02D3D} = {34C9E091-31C2-4DE3-BE05-5774E7A5D216}
		{88BC7CEA-97CB-4FA9-AACD-208F2C50270D} = {13E98662-E624-49BF-81D6-C23BD33C85F3}
		{DC26A7F0-1B5E-4D7F-816D-6FF1B2CC77EA} = {13E98662-E624-49BF-81D6-C23BD33C85F3}
		{7A99DFF3-710B-4588-AF4B-E5BE1DE21082} = {DC26A7F0-1B5E-4D7F-816D-6FF1B2CC77EA}
		{1296C1FC-B340-4E88-8BBD-B442903174EF} = {DC26A7F0-1B5E-4D7F-816D-6FF1B2CC77EA}
		{9ADD390F-3C38-4CE1-A8F5-507D7DFFD0C9} = {13E98662-E624-49BF-81D6-C23BD33C85F3}
		{CDB8E38D-86B7-45E1-9770-5379A204CC8B} = {9ADD390F-3C38-4CE1-A8F5-507D7DFFD0C9}
		{072031FA-3A39-46CE-9071-CAD18E516B55} = {9ADD390F-3C38-4CE1-A8F5-507D7DFFD0C9}
		{02D05959-D6DA-4F2B-9718-3882A014BFC2} = {9ADD390F-3C38-4CE1-A8F5-507D7DFFD0C9}
		{92A5CCA2-AAAF-4850-AE17-8027DEE963D3} = {9ADD390F-3C38-4CE1-A8F5-507D7DFFD0C9}
		{97AA44F6-1F6C-461C-BC0E-47B87D8901B4} = {6BA0CBF0-B5AF-4A9B-90E2-DB15DD7D1CD0}
		{DE1C253F-02BD-45D5-8C10-2D73646F9389} = {6E6F62E4-A2BB-4677-9B5E-C0494E1FDC22}
		{297FD2F5-4DB7-4406-B4F0-665D13AE7630} = {6E6F62E4-A2BB-4677-9B5E-C0494E1FDC22}
		{808F4D72-C194-4F61-8A65-A53D4E2FF7F0} = {835B5A42-8613-4967-AA71-30CB67149CCF}
	EndGlobalSection
	GlobalSection(ExtensibilityGlobals) = postSolution
		SolutionGuid = {BD07630A-5584-4FBF-BCCF-624C730ED87D}
	EndGlobalSection
EndGlobal
